
Microsoft Visual Studio Solution File, Format Version 12.00
# Visual Studio Version 17
VisualStudioVersion = 17.13.35828.75 d17.13
MinimumVisualStudioVersion = 10.0.40219.1
Project("{FAE04EC0-301F-11D3-BF4B-00C04F79EFBC}") = "StackedLinkedList Excerise 1", "StackedLinkedList Excerise 1\StackedLinkedList Excerise 1.csproj", "{C77F1589-D8D8-4D0D-AEFB-28160242092D}"
EndProject
Global
	GlobalSection(SolutionConfigurationPlatforms) = preSolution
		Debug|Any CPU = Debug|Any CPU
		Release|Any CPU = Release|Any CPU
	EndGlobalSection
	GlobalSection(ProjectConfigurationPlatforms) = postSolution
		{C77F1589-D8D8-4D0D-AEFB-28160242092D}.Debug|Any CPU.ActiveCfg = Debug|Any CPU
		{C77F1589-D8D8-4D0D-AEFB-28160242092D}.Debug|Any CPU.Build.0 = Debug|Any CPU
		{C77F1589-D8D8-4D0D-AEFB-28160242092D}.Release|Any CPU.ActiveCfg = Release|Any CPU
		{C77F1589-D8D8-4D0D-AEFB-28160242092D}.Release|Any CPU.Build.0 = Release|Any CPU
	EndGlobalSection
	GlobalSection(SolutionProperties) = preSolution
		HideSolutionNode = FALSE
	EndGlobalSection
	GlobalSection(ExtensibilityGlobals) = postSolution
		SolutionGuid = {1E071B17-94F0-46FD-983E-B9AEEC31E3C3}
	EndGlobalSection
EndGlobal
